
Microsoft Visual Studio Solution File, Format Version 12.00
# Visual Studio Version 17
VisualStudioVersion = 17.5.33516.290
MinimumVisualStudioVersion = 10.0.40219.1
Project("{FAE04EC0-301F-11D3-BF4B-00C04F79EFBC}") = "Task5", "Task5\Task5.csproj", "{72D1F88F-3F17-4F71-A92E-15B026E3FFB9}"
EndProject
Global
	GlobalSection(SolutionConfigurationPlatforms) = preSolution
		Debug|Any CPU = Debug|Any CPU
		Release|Any CPU = Release|Any CPU
	EndGlobalSection
	GlobalSection(ProjectConfigurationPlatforms) = postSolution
		{72D1F88F-3F17-4F71-A92E-15B026E3FFB9}.Debug|Any CPU.ActiveCfg = Debug|Any CPU
		{72D1F88F-3F17-4F71-A92E-15B026E3FFB9}.Debug|Any CPU.Build.0 = Debug|Any CPU
		{72D1F88F-3F17-4F71-A92E-15B026E3FFB9}.Release|Any CPU.ActiveCfg = Release|Any CPU
		{72D1F88F-3F17-4F71-A92E-15B026E3FFB9}.Release|Any CPU.Build.0 = Release|Any CPU
	EndGlobalSection
	GlobalSection(SolutionProperties) = preSolution
		HideSolutionNode = FALSE
	EndGlobalSection
	GlobalSection(ExtensibilityGlobals) = postSolution
		SolutionGuid = {E997653C-DBDA-4BD0-8240-E1042214686B}
	EndGlobalSection
EndGlobal
